
Microsoft Visual Studio Solution File, Format Version 12.00
# Visual Studio Version 16
VisualStudioVersion = 16.0.31729.503
MinimumVisualStudioVersion = 10.0.40219.1
Project("{9A19103F-16F7-4668-BE54-9A1E7A4F7556}") = "VaccinationSystemApi", "VaccinationSystemApi\VaccinationSystemApi.csproj", "{337D394E-BBD7-4110-90F2-F5FE7AB23209}"
EndProject
Global
	GlobalSection(SolutionConfigurationPlatforms) = preSolution
		Debug|Any CPU = Debug|Any CPU
		Release|Any CPU = Release|Any CPU
	EndGlobalSection
	GlobalSection(ProjectConfigurationPlatforms) = postSolution
		{337D394E-BBD7-4110-90F2-F5FE7AB23209}.Debug|Any CPU.ActiveCfg = Debug|Any CPU
		{337D394E-BBD7-4110-90F2-F5FE7AB23209}.Debug|Any CPU.Build.0 = Debug|Any CPU
		{337D394E-BBD7-4110-90F2-F5FE7AB23209}.Release|Any CPU.ActiveCfg = Release|Any CPU
		{337D394E-BBD7-4110-90F2-F5FE7AB23209}.Release|Any CPU.Build.0 = Release|Any CPU
	EndGlobalSection
	GlobalSection(SolutionProperties) = preSolution
		HideSolutionNode = FALSE
	EndGlobalSection
	GlobalSection(ExtensibilityGlobals) = postSolution
		SolutionGuid = {C68A96CF-24C6-4BAD-BF21-5379B4A7B5CC}
	EndGlobalSection
EndGlobal
